
Microsoft Visual Studio Solution File, Format Version 12.00
# Visual Studio Version 17
VisualStudioVersion = 17.3.32804.467
MinimumVisualStudioVersion = 10.0.40219.1
Project("{9A19103F-16F7-4668-BE54-9A1E7A4F7556}") = "MedprDB", "MedprDB\MedprDB\MedprDB.csproj", "{F43828C5-3831-4DDA-AC51-735863830C49}"
EndProject
Project("{9A19103F-16F7-4668-BE54-9A1E7A4F7556}") = "MedprMVC", "MedprMVC\MedprMVC.csproj", "{071B46A7-E917-44A2-9B11-7F6F161497DC}"
EndProject
Project("{9A19103F-16F7-4668-BE54-9A1E7A4F7556}") = "MedprCore", "MedprCOre\MedprCore.csproj", "{3B8887CE-D594-4B17-AB07-14AFD1634922}"
EndProject
Project("{9A19103F-16F7-4668-BE54-9A1E7A4F7556}") = "MedprBusiness", "MedprBusiness\MedprBusiness.csproj", "{D05FE686-1AC2-4661-A9DA-4C1CF7D48FCA}"
EndProject
Project("{9A19103F-16F7-4668-BE54-9A1E7A4F7556}") = "MedprDataAbstractions", "MedprAbstractions\MedprDataAbstractions.csproj", "{4F6BC8AA-18E3-4CAA-B914-275E55A20DEB}"
EndProject
Project("{9A19103F-16F7-4668-BE54-9A1E7A4F7556}") = "MedprDataRepositories", "MedprRepositories\MedprDataRepositories.csproj", "{F5DB98A6-51C9-429D-87BA-C4317858C6D7}"
EndProject
Project("{9A19103F-16F7-4668-BE54-9A1E7A4F7556}") = "MedprWebAPI", "MedprWebAPI\MedprWebAPI.csproj", "{90A679B4-CF00-462E-92D6-F46BB39BC7BA}"
EndProject
Project("{9A19103F-16F7-4668-BE54-9A1E7A4F7556}") = "MedprModels", "MedprModels\MedprModels.csproj", "{05345F0F-A29E-40A2-B336-FBBF8DA5A9F2}"
EndProject
Project("{9A19103F-16F7-4668-BE54-9A1E7A4F7556}") = "MedprCQS", "MedprCQS\MedprCQS.csproj", "{ABA00856-3A51-479B-B37D-A0488865BC1A}"
EndProject
Project("{E53339B2-1760-4266-BCC7-CA923CBCF16C}") = "docker-compose", "docker-compose.dcproj", "{6F4C9BE7-B8FE-475E-AFBC-AAE371755F9D}"
EndProject
Project("{FAE04EC0-301F-11D3-BF4B-00C04F79EFBC}") = "TestsMedpr", "TestsMedpr\TestsMedpr.csproj", "{41293165-4378-4060-8787-E7F2E397E077}"
EndProject
Global
	GlobalSection(SolutionConfigurationPlatforms) = preSolution
		Debug|Any CPU = Debug|Any CPU
		Release|Any CPU = Release|Any CPU
	EndGlobalSection
	GlobalSection(ProjectConfigurationPlatforms) = postSolution
		{F43828C5-3831-4DDA-AC51-735863830C49}.Debug|Any CPU.ActiveCfg = Debug|Any CPU
		{F43828C5-3831-4DDA-AC51-735863830C49}.Debug|Any CPU.Build.0 = Debug|Any CPU
		{F43828C5-3831-4DDA-AC51-735863830C49}.Release|Any CPU.ActiveCfg = Release|Any CPU
		{F43828C5-3831-4DDA-AC51-735863830C49}.Release|Any CPU.Build.0 = Release|Any CPU
		{071B46A7-E917-44A2-9B11-7F6F161497DC}.Debug|Any CPU.ActiveCfg = Debug|Any CPU
		{071B46A7-E917-44A2-9B11-7F6F161497DC}.Debug|Any CPU.Build.0 = Debug|Any CPU
		{071B46A7-E917-44A2-9B11-7F6F161497DC}.Release|Any CPU.ActiveCfg = Release|Any CPU
		{071B46A7-E917-44A2-9B11-7F6F161497DC}.Release|Any CPU.Build.0 = Release|Any CPU
		{3B8887CE-D594-4B17-AB07-14AFD1634922}.Debug|Any CPU.ActiveCfg = Debug|Any CPU
		{3B8887CE-D594-4B17-AB07-14AFD1634922}.Debug|Any CPU.Build.0 = Debug|Any CPU
		{3B8887CE-D594-4B17-AB07-14AFD1634922}.Release|Any CPU.ActiveCfg = Release|Any CPU
		{3B8887CE-D594-4B17-AB07-14AFD1634922}.Release|Any CPU.Build.0 = Release|Any CPU
		{D05FE686-1AC2-4661-A9DA-4C1CF7D48FCA}.Debug|Any CPU.ActiveCfg = Debug|Any CPU
		{D05FE686-1AC2-4661-A9DA-4C1CF7D48FCA}.Debug|Any CPU.Build.0 = Debug|Any CPU
		{D05FE686-1AC2-4661-A9DA-4C1CF7D48FCA}.Release|Any CPU.ActiveCfg = Release|Any CPU
		{D05FE686-1AC2-4661-A9DA-4C1CF7D48FCA}.Release|Any CPU.Build.0 = Release|Any CPU
		{4F6BC8AA-18E3-4CAA-B914-275E55A20DEB}.Debug|Any CPU.ActiveCfg = Debug|Any CPU
		{4F6BC8AA-18E3-4CAA-B914-275E55A20DEB}.Debug|Any CPU.Build.0 = Debug|Any CPU
		{4F6BC8AA-18E3-4CAA-B914-275E55A20DEB}.Release|Any CPU.ActiveCfg = Release|Any CPU
		{4F6BC8AA-18E3-4CAA-B914-275E55A20DEB}.Release|Any CPU.Build.0 = Release|Any CPU
		{F5DB98A6-51C9-429D-87BA-C4317858C6D7}.Debug|Any CPU.ActiveCfg = Debug|Any CPU
		{F5DB98A6-51C9-429D-87BA-C4317858C6D7}.Debug|Any CPU.Build.0 = Debug|Any CPU
		{F5DB98A6-51C9-429D-87BA-C4317858C6D7}.Release|Any CPU.ActiveCfg = Release|Any CPU
		{F5DB98A6-51C9-429D-87BA-C4317858C6D7}.Release|Any CPU.Build.0 = Release|Any CPU
		{90A679B4-CF00-462E-92D6-F46BB39BC7BA}.Debug|Any CPU.ActiveCfg = Debug|Any CPU
		{90A679B4-CF00-462E-92D6-F46BB39BC7BA}.Debug|Any CPU.Build.0 = Debug|Any CPU
		{90A679B4-CF00-462E-92D6-F46BB39BC7BA}.Release|Any CPU.ActiveCfg = Release|Any CPU
		{90A679B4-CF00-462E-92D6-F46BB39BC7BA}.Release|Any CPU.Build.0 = Release|Any CPU
		{05345F0F-A29E-40A2-B336-FBBF8DA5A9F2}.Debug|Any CPU.ActiveCfg = Debug|Any CPU
		{05345F0F-A29E-40A2-B336-FBBF8DA5A9F2}.Debug|Any CPU.Build.0 = Debug|Any CPU
		{05345F0F-A29E-40A2-B336-FBBF8DA5A9F2}.Release|Any CPU.ActiveCfg = Release|Any CPU
		{05345F0F-A29E-40A2-B336-FBBF8DA5A9F2}.Release|Any CPU.Build.0 = Release|Any CPU
		{ABA00856-3A51-479B-B37D-A0488865BC1A}.Debug|Any CPU.ActiveCfg = Debug|Any CPU
		{ABA00856-3A51-479B-B37D-A0488865BC1A}.Debug|Any CPU.Build.0 = Debug|Any CPU
		{ABA00856-3A51-479B-B37D-A0488865BC1A}.Release|Any CPU.ActiveCfg = Release|Any CPU
		{ABA00856-3A51-479B-B37D-A0488865BC1A}.Release|Any CPU.Build.0 = Release|Any CPU
		{6F4C9BE7-B8FE-475E-AFBC-AAE371755F9D}.Debug|Any CPU.ActiveCfg = Debug|Any CPU
		{6F4C9BE7-B8FE-475E-AFBC-AAE371755F9D}.Debug|Any CPU.Build.0 = Debug|Any CPU
		{6F4C9BE7-B8FE-475E-AFBC-AAE371755F9D}.Release|Any CPU.ActiveCfg = Release|Any CPU
		{6F4C9BE7-B8FE-475E-AFBC-AAE371755F9D}.Release|Any CPU.Build.0 = Release|Any CPU
		{41293165-4378-4060-8787-E7F2E397E077}.Debug|Any CPU.ActiveCfg = Debug|Any CPU
		{41293165-4378-4060-8787-E7F2E397E077}.Debug|Any CPU.Build.0 = Debug|Any CPU
		{41293165-4378-4060-8787-E7F2E397E077}.Release|Any CPU.ActiveCfg = Release|Any CPU
		{41293165-4378-4060-8787-E7F2E397E077}.Release|Any CPU.Build.0 = Release|Any CPU
	EndGlobalSection
	GlobalSection(SolutionProperties) = preSolution
		HideSolutionNode = FALSE
	EndGlobalSection
	GlobalSection(ExtensibilityGlobals) = postSolution
		SolutionGuid = {7CEB860C-FDC0-4F00-9F1D-521E8428348E}
	EndGlobalSection
EndGlobal
